Microsoft Visual Studio Solution File, Format Version 12.00
# Visual Studio Version 17
VisualStudioVersion = 17.5.2.0
MinimumVisualStudioVersion = 10.0.40219.1
Project("{FAE04EC0-301F-11D3-BF4B-00C04F79EFBC}") = "helloWorldC#", "helloWorldC#.csproj", "{021FFA82-BCD4-E203-2FB5-9D08380E2351}"
EndProject
Global
	GlobalSection(SolutionConfigurationPlatforms) = preSolution
		Debug|Any CPU = Debug|Any CPU
		Release|Any CPU = Release|Any CPU
	EndGlobalSection
	GlobalSection(ProjectConfigurationPlatforms) = postSolution
		{021FFA82-BCD4-E203-2FB5-9D08380E2351}.Debug|Any CPU.ActiveCfg = Debug|Any CPU
		{021FFA82-BCD4-E203-2FB5-9D08380E2351}.Debug|Any CPU.Build.0 = Debug|Any CPU
		{021FFA82-BCD4-E203-2FB5-9D08380E2351}.Release|Any CPU.ActiveCfg = Release|Any CPU
		{021FFA82-BCD4-E203-2FB5-9D08380E2351}.Release|Any CPU.Build.0 = Release|Any CPU
	EndGlobalSection
	GlobalSection(SolutionProperties) = preSolution
		HideSolutionNode = FALSE
	EndGlobalSection
	GlobalSection(ExtensibilityGlobals) = postSolution
		SolutionGuid = {3898965A-A0BD-48BC-8EE5-7F25C07F4E35}
	EndGlobalSection
EndGlobal
